
Microsoft Visual Studio Solution File, Format Version 12.00
# Visual Studio Version 17
VisualStudioVersion = 17.4.33213.308
MinimumVisualStudioVersion = 10.0.40219.1
Project("{FAE04EC0-301F-11D3-BF4B-00C04F79EFBC}") = "Morokva", "Morokva\Morokva.csproj", "{8047430D-E71F-478F-98FC-3339FC128955}"
EndProject
Global
	GlobalSection(SolutionConfigurationPlatforms) = preSolution
		Debug|Any CPU = Debug|Any CPU
		Release|Any CPU = Release|Any CPU
	EndGlobalSection
	GlobalSection(ProjectConfigurationPlatforms) = postSolution
		{8047430D-E71F-478F-98FC-3339FC128955}.Debug|Any CPU.ActiveCfg = Debug|Any CPU
		{8047430D-E71F-478F-98FC-3339FC128955}.Debug|Any CPU.Build.0 = Debug|Any CPU
		{8047430D-E71F-478F-98FC-3339FC128955}.Release|Any CPU.ActiveCfg = Release|Any CPU
		{8047430D-E71F-478F-98FC-3339FC128955}.Release|Any CPU.Build.0 = Release|Any CPU
	EndGlobalSection
	GlobalSection(SolutionProperties) = preSolution
		HideSolutionNode = FALSE
	EndGlobalSection
	GlobalSection(ExtensibilityGlobals) = postSolution
		SolutionGuid = {1EB100D8-C7B2-404D-8AE4-D0093D8FFCC2}
	EndGlobalSection
EndGlobal
